// !$*UTF8*$!
{
	archiveVersion = 1;
	classes = {
	};
	objectVersion = 52;
	objects = {

/* Begin PBXBuildFile section */
		6A27DA6D24F756A300F62CC5 /* CombineExt in Frameworks */ = {isa = PBXBuildFile; productRef = 6A27DA6C24F756A300F62CC5 /* CombineExt */; };
		6A27DA7124F7B61E00F62CC5 /* ViewModel.swift in Sources */ = {isa = PBXBuildFile; fileRef = 6A27DA7024F7B61E00F62CC5 /* ViewModel.swift */; };
		6A27DA7324F7B63100F62CC5 /* LoginViewModel.swift in Sources */ = {isa = PBXBuildFile; fileRef = 6A27DA7224F7B63100F62CC5 /* LoginViewModel.swift */; };
		6A27DA7524F7C35D00F62CC5 /* UIViewController+Extension.swift in Sources */ = {isa = PBXBuildFile; fileRef = 6A27DA7424F7C35D00F62CC5 /* UIViewController+Extension.swift */; };
		6A9264FD24F4013800DE9EAC /* AppDelegate.swift in Sources */ = {isa = PBXBuildFile; fileRef = 6A9264FC24F4013800DE9EAC /* AppDelegate.swift */; };
		6A9264FF24F4013800DE9EAC /* SceneDelegate.swift in Sources */ = {isa = PBXBuildFile; fileRef = 6A9264FE24F4013800DE9EAC /* SceneDelegate.swift */; };
		6A92650124F4013800DE9EAC /* HomeViewController.swift in Sources */ = {isa = PBXBuildFile; fileRef = 6A92650024F4013800DE9EAC /* HomeViewController.swift */; };
		6A92650424F4013800DE9EAC /* Main.storyboard in Resources */ = {isa = PBXBuildFile; fileRef = 6A92650224F4013800DE9EAC /* Main.storyboard */; };
		6A92650624F4013A00DE9EAC /* Assets.xcassets in Resources */ = {isa = PBXBuildFile; fileRef = 6A92650524F4013A00DE9EAC /* Assets.xcassets */; };
		6A92650924F4013A00DE9EAC /* LaunchScreen.storyboard in Resources */ = {isa = PBXBuildFile; fileRef = 6A92650724F4013A00DE9EAC /* LaunchScreen.storyboard */; };
		6A92651424F4013A00DE9EAC /* BaseTest.swift in Sources */ = {isa = PBXBuildFile; fileRef = 6A92651324F4013A00DE9EAC /* BaseTest.swift */; };
		6A92651F24F4013A00DE9EAC /* CombineLoginDemoUITests.swift in Sources */ = {isa = PBXBuildFile; fileRef = 6A92651E24F4013A00DE9EAC /* CombineLoginDemoUITests.swift */; };
		6A92652D24F4016600DE9EAC /* LoginViewController.swift in Sources */ = {isa = PBXBuildFile; fileRef = 6A92652C24F4016600DE9EAC /* LoginViewController.swift */; };
		6A92652F24F4018500DE9EAC /* LoginService.swift in Sources */ = {isa = PBXBuildFile; fileRef = 6A92652E24F4018500DE9EAC /* LoginService.swift */; };
		6A92653124F401C400DE9EAC /* UserStateManager.swift in Sources */ = {isa = PBXBuildFile; fileRef = 6A92653024F401C400DE9EAC /* UserStateManager.swift */; };
		6A92653324F401DA00DE9EAC /* NSError+Extension.swift in Sources */ = {isa = PBXBuildFile; fileRef = 6A92653224F401DA00DE9EAC /* NSError+Extension.swift */; };
		6A92653524F49A0600DE9EAC /* UITextField+Extension.swift in Sources */ = {isa = PBXBuildFile; fileRef = 6A92653424F49A0600DE9EAC /* UITextField+Extension.swift */; };
		6A92653724F49A2200DE9EAC /* UIControlPublisher.swift in Sources */ = {isa = PBXBuildFile; fileRef = 6A92653624F49A2200DE9EAC /* UIControlPublisher.swift */; };
		6A92653924F49B4000DE9EAC /* UIControl+Extension.swift in Sources */ = {isa = PBXBuildFile; fileRef = 6A92653824F49B4000DE9EAC /* UIControl+Extension.swift */; };
		6A92658024F9D36700DE9EAC /* LoginViewModelTests.swift in Sources */ = {isa = PBXBuildFile; fileRef = 6A92657F24F9D36700DE9EAC /* LoginViewModelTests.swift */; };
/* End PBXBuildFile section */

/* Begin PBXContainerItemProxy section */
		6A92651024F4013A00DE9EAC /* PBXContainerItemProxy */ = {
			isa = PBXContainerItemProxy;
			containerPortal = 6A9264F124F4013800DE9EAC /* Project object */;
			proxyType = 1;
			remoteGlobalIDString = 6A9264F824F4013800DE9EAC;
			remoteInfo = CombineLoginDemo;
		};
		6A92651B24F4013A00DE9EAC /* PBXContainerItemProxy */ = {
			isa = PBXContainerItemProxy;
			containerPortal = 6A9264F124F4013800DE9EAC /* Project object */;
			proxyType = 1;
			remoteGlobalIDString = 6A9264F824F4013800DE9EAC;
			remoteInfo = CombineLoginDemo;
		};
/* End PBXContainerItemProxy section */

/* Begin PBXFileReference section */
		6A27DA7024F7B61E00F62CC5 /* ViewModel.swift */ = {isa = PBXFileReference; lastKnownFileType = sourcecode.swift; path = ViewModel.swift; sourceTree = "<group>"; };
		6A27DA7224F7B63100F62CC5 /* LoginViewModel.swift */ = {isa = PBXFileReference; lastKnownFileType = sourcecode.swift; path = LoginViewModel.swift; sourceTree = "<group>"; };
		6A27DA7424F7C35D00F62CC5 /* UIViewController+Extension.swift */ = {isa = PBXFileReference; lastKnownFileType = sourcecode.swift; path = "UIViewController+Extension.swift"; sourceTree = "<group>"; };
		6A9264F924F4013800DE9EAC /* CombineLoginDemo.app */ = {isa = PBXFileReference; explicitFileType = wrapper.application; includeInIndex = 0; path = CombineLoginDemo.app; sourceTree = BUILT_PRODUCTS_DIR; };
		6A9264FC24F4013800DE9EAC /* AppDelegate.swift */ = {isa = PBXFileReference; lastKnownFileType = sourcecode.swift; path = AppDelegate.swift; sourceTree = "<group>"; };
		6A9264FE24F4013800DE9EAC /* SceneDelegate.swift */ = {isa = PBXFileReference; lastKnownFileType = sourcecode.swift; path = SceneDelegate.swift; sourceTree = "<group>"; };
		6A92650024F4013800DE9EAC /* HomeViewController.swift */ = {isa = PBXFileReference; lastKnownFileType = sourcecode.swift; path = HomeViewController.swift; sourceTree = "<group>"; };
		6A92650324F4013800DE9EAC /* Base */ = {isa = PBXFileReference; lastKnownFileType = file.storyboard; name = Base; path = Base.lproj/Main.storyboard; sourceTree = "<group>"; };
		6A92650524F4013A00DE9EAC /* Assets.xcassets */ = {isa = PBXFileReference; lastKnownFileType = folder.assetcatalog; path = Assets.xcassets; sourceTree = "<group>"; };
		6A92650824F4013A00DE9EAC /* Base */ = {isa = PBXFileReference; lastKnownFileType = file.storyboard; name = Base; path = Base.lproj/LaunchScreen.storyboard; sourceTree = "<group>"; };
		6A92650A24F4013A00DE9EAC /* Info.plist */ = {isa = PBXFileReference; lastKnownFileType = text.plist.xml; path = Info.plist; sourceTree = "<group>"; };
		6A92650F24F4013A00DE9EAC /* CombineLoginDemoTests.xctest */ = {isa = PBXFileReference; explicitFileType = wrapper.cfbundle; includeInIndex = 0; path = CombineLoginDemoTests.xctest; sourceTree = BUILT_PRODUCTS_DIR; };
		6A92651324F4013A00DE9EAC /* BaseTest.swift */ = {isa = PBXFileReference; lastKnownFileType = sourcecode.swift; path = BaseTest.swift; sourceTree = "<group>"; };
		6A92651524F4013A00DE9EAC /* Info.plist */ = {isa = PBXFileReference; lastKnownFileType = text.plist.xml; path = Info.plist; sourceTree = "<group>"; };
		6A92651A24F4013A00DE9EAC /* CombineLoginDemoUITests.xctest */ = {isa = PBXFileReference; explicitFileType = wrapper.cfbundle; includeInIndex = 0; path = CombineLoginDemoUITests.xctest; sourceTree = BUILT_PRODUCTS_DIR; };
		6A92651E24F4013A00DE9EAC /* CombineLoginDemoUITests.swift */ = {isa = PBXFileReference; lastKnownFileType = sourcecode.swift; path = CombineLoginDemoUITests.swift; sourceTree = "<group>"; };
		6A92652024F4013A00DE9EAC /* Info.plist */ = {isa = PBXFileReference; lastKnownFileType = text.plist.xml; path = Info.plist; sourceTree = "<group>"; };
		6A92652C24F4016600DE9EAC /* LoginViewController.swift */ = {isa = PBXFileReference; lastKnownFileType = sourcecode.swift; path = LoginViewController.swift; sourceTree = "<group>"; };
		6A92652E24F4018500DE9EAC /* LoginService.swift */ = {isa = PBXFileReference; lastKnownFileType = sourcecode.swift; path = LoginService.swift; sourceTree = "<group>"; };
		6A92653024F401C400DE9EAC /* UserStateManager.swift */ = {isa = PBXFileReference; lastKnownFileType = sourcecode.swift; path = UserStateManager.swift; sourceTree = "<group>"; };
		6A92653224F401DA00DE9EAC /* NSError+Extension.swift */ = {isa = PBXFileReference; lastKnownFileType = sourcecode.swift; path = "NSError+Extension.swift"; sourceTree = "<group>"; };
		6A92653424F49A0600DE9EAC /* UITextField+Extension.swift */ = {isa = PBXFileReference; lastKnownFileType = sourcecode.swift; path = "UITextField+Extension.swift"; sourceTree = "<group>"; };
		6A92653624F49A2200DE9EAC /* UIControlPublisher.swift */ = {isa = PBXFileReference; lastKnownFileType = sourcecode.swift; path = UIControlPublisher.swift; sourceTree = "<group>"; };
		6A92653824F49B4000DE9EAC /* UIControl+Extension.swift */ = {isa = PBXFileReference; lastKnownFileType = sourcecode.swift; path = "UIControl+Extension.swift"; sourceTree = "<group>"; };
		6A92657F24F9D36700DE9EAC /* LoginViewModelTests.swift */ = {isa = PBXFileReference; lastKnownFileType = sourcecode.swift; path = LoginViewModelTests.swift; sourceTree = "<group>"; };
/* End PBXFileReference section */

/* Begin PBXFrameworksBuildPhase section */
		6A9264F624F4013800DE9EAC /* Frameworks */ = {
			isa = PBXFrameworksBuildPhase;
			buildActionMask = 2147483647;
			files = (
				6A27DA6D24F756A300F62CC5 /* CombineExt in Frameworks */,
			);
			runOnlyForDeploymentPostprocessing = 0;
		};
		6A92650C24F4013A00DE9EAC /* Frameworks */ = {
			isa = PBXFrameworksBuildPhase;
			buildActionMask = 2147483647;
			files = (
			);
			runOnlyForDeploymentPostprocessing = 0;
		};
		6A92651724F4013A00DE9EAC /* Frameworks */ = {
			isa = PBXFrameworksBuildPhase;
			buildActionMask = 2147483647;
			files = (
			);
			runOnlyForDeploymentPostprocessing = 0;
		};
/* End PBXFrameworksBuildPhase section */

/* Begin PBXGroup section */
		6A9264F024F4013800DE9EAC = {
			isa = PBXGroup;
			children = (
				6A9264FB24F4013800DE9EAC /* CombineLoginDemo */,
				6A92651224F4013A00DE9EAC /* CombineLoginDemoTests */,
				6A92651D24F4013A00DE9EAC /* CombineLoginDemoUITests */,
				6A9264FA24F4013800DE9EAC /* Products */,
			);
			sourceTree = "<group>";
		};
		6A9264FA24F4013800DE9EAC /* Products */ = {
			isa = PBXGroup;
			children = (
				6A9264F924F4013800DE9EAC /* CombineLoginDemo.app */,
				6A92650F24F4013A00DE9EAC /* CombineLoginDemoTests.xctest */,
				6A92651A24F4013A00DE9EAC /* CombineLoginDemoUITests.xctest */,
			);
			name = Products;
			sourceTree = "<group>";
		};
		6A9264FB24F4013800DE9EAC /* CombineLoginDemo */ = {
			isa = PBXGroup;
			children = (
				6A92653A24F49B4400DE9EAC /* Extensions */,
				6A9264FC24F4013800DE9EAC /* AppDelegate.swift */,
				6A9264FE24F4013800DE9EAC /* SceneDelegate.swift */,
				6A92650024F4013800DE9EAC /* HomeViewController.swift */,
				6A92650224F4013800DE9EAC /* Main.storyboard */,
				6A92650524F4013A00DE9EAC /* Assets.xcassets */,
				6A92650724F4013A00DE9EAC /* LaunchScreen.storyboard */,
				6A92650A24F4013A00DE9EAC /* Info.plist */,
				6A92652C24F4016600DE9EAC /* LoginViewController.swift */,
				6A92652E24F4018500DE9EAC /* LoginService.swift */,
				6A92653024F401C400DE9EAC /* UserStateManager.swift */,
				6A92653624F49A2200DE9EAC /* UIControlPublisher.swift */,
				6A27DA7024F7B61E00F62CC5 /* ViewModel.swift */,
				6A27DA7224F7B63100F62CC5 /* LoginViewModel.swift */,
			);
			path = CombineLoginDemo;
			sourceTree = "<group>";
		};
		6A92651224F4013A00DE9EAC /* CombineLoginDemoTests */ = {
			isa = PBXGroup;
			children = (
				6A92651324F4013A00DE9EAC /* BaseTest.swift */,
				6A92651524F4013A00DE9EAC /* Info.plist */,
				6A92657F24F9D36700DE9EAC /* LoginViewModelTests.swift */,
			);
			path = CombineLoginDemoTests;
			sourceTree = "<group>";
		};
		6A92651D24F4013A00DE9EAC /* CombineLoginDemoUITests */ = {
			isa = PBXGroup;
			children = (
				6A92651E24F4013A00DE9EAC /* CombineLoginDemoUITests.swift */,
				6A92652024F4013A00DE9EAC /* Info.plist */,
			);
			path = CombineLoginDemoUITests;
			sourceTree = "<group>";
		};
		6A92653A24F49B4400DE9EAC /* Extensions */ = {
			isa = PBXGroup;
			children = (
				6A92653224F401DA00DE9EAC /* NSError+Extension.swift */,
				6A92653424F49A0600DE9EAC /* UITextField+Extension.swift */,
				6A92653824F49B4000DE9EAC /* UIControl+Extension.swift */,
				6A27DA7424F7C35D00F62CC5 /* UIViewController+Extension.swift */,
			);
			path = Extensions;
			sourceTree = "<group>";
		};
/* End PBXGroup section */

/* Begin PBXNativeTarget section */
		6A9264F824F4013800DE9EAC /* CombineLoginDemo */ = {
			isa = PBXNativeTarget;
			buildConfigurationList = 6A92652324F4013A00DE9EAC /* Build configuration list for PBXNativeTarget "CombineLoginDemo" */;
			buildPhases = (
				6A9264F524F4013800DE9EAC /* Sources */,
				6A9264F624F4013800DE9EAC /* Frameworks */,
				6A9264F724F4013800DE9EAC /* Resources */,
			);
			buildRules = (
			);
			dependencies = (
			);
			name = CombineLoginDemo;
			packageProductDependencies = (
				6A27DA6C24F756A300F62CC5 /* CombineExt */,
			);
			productName = CombineLoginDemo;
			productReference = 6A9264F924F4013800DE9EAC /* CombineLoginDemo.app */;
			productType = "com.apple.product-type.application";
		};
		6A92650E24F4013A00DE9EAC /* CombineLoginDemoTests */ = {
			isa = PBXNativeTarget;
			buildConfigurationList = 6A92652624F4013A00DE9EAC /* Build configuration list for PBXNativeTarget "CombineLoginDemoTests" */;
			buildPhases = (
				6A92650B24F4013A00DE9EAC /* Sources */,
				6A92650C24F4013A00DE9EAC /* Frameworks */,
				6A92650D24F4013A00DE9EAC /* Resources */,
			);
			buildRules = (
			);
			dependencies = (
				6A92651124F4013A00DE9EAC /* PBXTargetDependency */,
			);
			name = CombineLoginDemoTests;
			productName = CombineLoginDemoTests;
			productReference = 6A92650F24F4013A00DE9EAC /* CombineLoginDemoTests.xctest */;
			productType = "com.apple.product-type.bundle.unit-test";
		};
		6A92651924F4013A00DE9EAC /* CombineLoginDemoUITests */ = {
			isa = PBXNativeTarget;
			buildConfigurationList = 6A92652924F4013A00DE9EAC /* Build configuration list for PBXNativeTarget "CombineLoginDemoUITests" */;
			buildPhases = (
				6A92651624F4013A00DE9EAC /* Sources */,
				6A92651724F4013A00DE9EAC /* Frameworks */,
				6A92651824F4013A00DE9EAC /* Resources */,
			);
			buildRules = (
			);
			dependencies = (
				6A92651C24F4013A00DE9EAC /* PBXTargetDependency */,
			);
			name = CombineLoginDemoUITests;
			productName = CombineLoginDemoUITests;
			productReference = 6A92651A24F4013A00DE9EAC /* CombineLoginDemoUITests.xctest */;
			productType = "com.apple.product-type.bundle.ui-testing";
		};
/* End PBXNativeTarget section */

/* Begin PBXProject section */
		6A9264F124F4013800DE9EAC /* Project object */ = {
			isa = PBXProject;
			attributes = {
				LastSwiftUpdateCheck = 1140;
				LastUpgradeCheck = 1140;
				ORGANIZATIONNAME = ficow;
				TargetAttributes = {
					6A9264F824F4013800DE9EAC = {
						CreatedOnToolsVersion = 11.4;
					};
					6A92650E24F4013A00DE9EAC = {
						CreatedOnToolsVersion = 11.4;
						TestTargetID = 6A9264F824F4013800DE9EAC;
					};
					6A92651924F4013A00DE9EAC = {
						CreatedOnToolsVersion = 11.4;
						TestTargetID = 6A9264F824F4013800DE9EAC;
					};
				};
			};
			buildConfigurationList = 6A9264F424F4013800DE9EAC /* Build configuration list for PBXProject "CombineLoginDemo" */;
			compatibilityVersion = "Xcode 9.3";
			developmentRegion = en;
			hasScannedForEncodings = 0;
			knownRegions = (
				en,
				Base,
			);
			mainGroup = 6A9264F024F4013800DE9EAC;
			packageReferences = (
				6A27DA6B24F756A300F62CC5 /* XCRemoteSwiftPackageReference "CombineExt" */,
			);
			productRefGroup = 6A9264FA24F4013800DE9EAC /* Products */;
			projectDirPath = "";
			projectRoot = "";
			targets = (
				6A9264F824F4013800DE9EAC /* CombineLoginDemo */,
				6A92650E24F4013A00DE9EAC /* CombineLoginDemoTests */,
				6A92651924F4013A00DE9EAC /* CombineLoginDemoUITests */,
			);
		};
/* End PBXProject section */

/* Begin PBXResourcesBuildPhase section */
		6A9264F724F4013800DE9EAC /* Resources */ = {
			isa = PBXResourcesBuildPhase;
			buildActionMask = 2147483647;
			files = (
				6A92650924F4013A00DE9EAC /* LaunchScreen.storyboard in Resources */,
				6A92650624F4013A00DE9EAC /* Assets.xcassets in Resources */,
				6A92650424F4013800DE9EAC /* Main.storyboard in Resources */,
			);
			runOnlyForDeploymentPostprocessing = 0;
		};
		6A92650D24F4013A00DE9EAC /* Resources */ = {
			isa = PBXResourcesBuildPhase;
			buildActionMask = 2147483647;
			files = (
			);
			runOnlyForDeploymentPostprocessing = 0;
		};
		6A92651824F4013A00DE9EAC /* Resources */ = {
			isa = PBXResourcesBuildPhase;
			buildActionMask = 2147483647;
			files = (
			);
			runOnlyForDeploymentPostprocessing = 0;
		};
/* End PBXResourcesBuildPhase section */

/* Begin PBXSourcesBuildPhase section */
		6A9264F524F4013800DE9EAC /* Sources */ = {
			isa = PBXSourcesBuildPhase;
			buildActionMask = 2147483647;
			files = (
				6A92653124F401C400DE9EAC /* UserStateManager.swift in Sources */,
				6A27DA7524F7C35D00F62CC5 /* UIViewController+Extension.swift in Sources */,
				6A92653924F49B4000DE9EAC /* UIControl+Extension.swift in Sources */,
				6A92652D24F4016600DE9EAC /* LoginViewController.swift in Sources */,
				6A27DA7124F7B61E00F62CC5 /* ViewModel.swift in Sources */,
				6A92650124F4013800DE9EAC /* HomeViewController.swift in Sources */,
				6A92652F24F4018500DE9EAC /* LoginService.swift in Sources */,
				6A92653324F401DA00DE9EAC /* NSError+Extension.swift in Sources */,
				6A92653524F49A0600DE9EAC /* UITextField+Extension.swift in Sources */,
				6A27DA7324F7B63100F62CC5 /* LoginViewModel.swift in Sources */,
				6A9264FD24F4013800DE9EAC /* AppDelegate.swift in Sources */,
				6A9264FF24F4013800DE9EAC /* SceneDelegate.swift in Sources */,
				6A92653724F49A2200DE9EAC /* UIControlPublisher.swift in Sources */,
			);
			runOnlyForDeploymentPostprocessing = 0;
		};
		6A92650B24F4013A00DE9EAC /* Sources */ = {
			isa = PBXSourcesBuildPhase;
			buildActionMask = 2147483647;
			files = (
				6A92658024F9D36700DE9EAC /* LoginViewModelTests.swift in Sources */,
				6A92651424F4013A00DE9EAC /* BaseTest.swift in Sources */,
			);
			runOnlyForDeploymentPostprocessing = 0;
		};
		6A92651624F4013A00DE9EAC /* Sources */ = {
			isa = PBXSourcesBuildPhase;
			buildActionMask = 2147483647;
			files = (
				6A92651F24F4013A00DE9EAC /* CombineLoginDemoUITests.swift in Sources */,
			);
			runOnlyForDeploymentPostprocessing = 0;
		};
/* End PBXSourcesBuildPhase section */

/* Begin PBXTargetDependency section */
		6A92651124F4013A00DE9EAC /* PBXTargetDependency */ = {
			isa = PBXTargetDependency;
			target = 6A9264F824F4013800DE9EAC /* CombineLoginDemo */;
			targetProxy = 6A92651024F4013A00DE9EAC /* PBXContainerItemProxy */;
		};
		6A92651C24F4013A00DE9EAC /* PBXTargetDependency */ = {
			isa = PBXTargetDependency;
			target = 6A9264F824F4013800DE9EAC /* CombineLoginDemo */;
			targetProxy = 6A92651B24F4013A00DE9EAC /* PBXContainerItemProxy */;
		};
/* End PBXTargetDependency section */

/* Begin PBXVariantGroup section */
		6A92650224F4013800DE9EAC /* Main.storyboard */ = {
			isa = PBXVariantGroup;
			children = (
				6A92650324F4013800DE9EAC /* Base */,
			);
			name = Main.storyboard;
			sourceTree = "<group>";
		};
		6A92650724F4013A00DE9EAC /* LaunchScreen.storyboard */ = {
			isa = PBXVariantGroup;
			children = (
				6A92650824F4013A00DE9EAC /* Base */,
			);
			name = LaunchScreen.storyboard;
			sourceTree = "<group>";
		};
/* End PBXVariantGroup section */

/* Begin XCBuildConfiguration section */
		6A92652124F4013A00DE9EAC /* Debug */ = {
			isa = XCBuildConfiguration;
			buildSettings = {
				ALWAYS_SEARCH_USER_PATHS = NO;
				CLANG_ANALYZER_NONNULL = YES;
				CLANG_ANALYZER_NUMBER_OBJECT_CONVERSION = YES_AGGRESSIVE;
				CLANG_CXX_LANGUAGE_STANDARD = "gnu++14";
				CLANG_CXX_LIBRARY = "libc++";
				CLANG_ENABLE_MODULES = YES;
				CLANG_ENABLE_OBJC_ARC = YES;
				CLANG_ENABLE_OBJC_WEAK = YES;
				CLANG_WARN_BLOCK_CAPTURE_AUTORELEASING = YES;
				CLANG_WARN_BOOL_CONVERSION = YES;
				CLANG_WARN_COMMA = YES;
				CLANG_WARN_CONSTANT_CONVERSION = YES;
				CLANG_WARN_DEPRECATED_OBJC_IMPLEMENTATIONS = YES;
				CLANG_WARN_DIRECT_OBJC_ISA_USAGE = YES_ERROR;
				CLANG_WARN_DOCUMENTATION_COMMENTS = YES;
				CLANG_WARN_EMPTY_BODY = YES;
				CLANG_WARN_ENUM_CONVERSION = YES;
				CLANG_WARN_INFINITE_RECURSION = YES;
				CLANG_WARN_INT_CONVERSION = YES;
				CLANG_WARN_NON_LITERAL_NULL_CONVERSION = YES;
				CLANG_WARN_OBJC_IMPLICIT_RETAIN_SELF = YES;
				CLANG_WARN_OBJC_LITERAL_CONVERSION = YES;
				CLANG_WARN_OBJC_ROOT_CLASS = YES_ERROR;
				CLANG_WARN_RANGE_LOOP_ANALYSIS = YES;
				CLANG_WARN_STRICT_PROTOTYPES = YES;
				CLANG_WARN_SUSPICIOUS_MOVE = YES;
				CLANG_WARN_UNGUARDED_AVAILABILITY = YES_AGGRESSIVE;
				CLANG_WARN_UNREACHABLE_CODE = YES;
				CLANG_WARN__DUPLICATE_METHOD_MATCH = YES;
				COPY_PHASE_STRIP = NO;
				DEBUG_INFORMATION_FORMAT = dwarf;
				ENABLE_STRICT_OBJC_MSGSEND = YES;
				ENABLE_TESTABILITY = YES;
				GCC_C_LANGUAGE_STANDARD = gnu11;
				GCC_DYNAMIC_NO_PIC = NO;
				GCC_NO_COMMON_BLOCKS = YES;
				GCC_OPTIMIZATION_LEVEL = 0;
				GCC_PREPROCESSOR_DEFINITIONS = (
					"DEBUG=1",
					"$(inherited)",
				);
				GCC_WARN_64_TO_32_BIT_CONVERSION = YES;
				GCC_WARN_ABOUT_RETURN_TYPE = YES_ERROR;
				GCC_WARN_UNDECLARED_SELECTOR = YES;
				GCC_WARN_UNINITIALIZED_AUTOS = YES_AGGRESSIVE;
				GCC_WARN_UNUSED_FUNCTION = YES;
				GCC_WARN_UNUSED_VARIABLE = YES;
				IPHONEOS_DEPLOYMENT_TARGET = 13.4;
				MTL_ENABLE_DEBUG_INFO = INCLUDE_SOURCE;
				MTL_FAST_MATH = YES;
				ONLY_ACTIVE_ARCH = YES;
				SDKROOT = iphoneos;
				SWIFT_ACTIVE_COMPILATION_CONDITIONS = DEBUG;
				SWIFT_OPTIMIZATION_LEVEL = "-Onone";
			};
			name = Debug;
		};
		6A92652224F4013A00DE9EAC /* Release */ = {
			isa = XCBuildConfiguration;
			buildSettings = {
				ALWAYS_SEARCH_USER_PATHS = NO;
				CLANG_ANALYZER_NONNULL = YES;
				CLANG_ANALYZER_NUMBER_OBJECT_CONVERSION = YES_AGGRESSIVE;
				CLANG_CXX_LANGUAGE_STANDARD = "gnu++14";
				CLANG_CXX_LIBRARY = "libc++";
				CLANG_ENABLE_MODULES = YES;
				CLANG_ENABLE_OBJC_ARC = YES;
				CLANG_ENABLE_OBJC_WEAK = YES;
				CLANG_WARN_BLOCK_CAPTURE_AUTORELEASING = YES;
				CLANG_WARN_BOOL_CONVERSION = YES;
				CLANG_WARN_COMMA = YES;
				CLANG_WARN_CONSTANT_CONVERSION = YES;
				CLANG_WARN_DEPRECATED_OBJC_IMPLEMENTATIONS = YES;
				CLANG_WARN_DIRECT_OBJC_ISA_USAGE = YES_ERROR;
				CLANG_WARN_DOCUMENTATION_COMMENTS = YES;
				CLANG_WARN_EMPTY_BODY = YES;
				CLANG_WARN_ENUM_CONVERSION = YES;
				CLANG_WARN_INFINITE_RECURSION = YES;
				CLANG_WARN_INT_CONVERSION = YES;
				CLANG_WARN_NON_LITERAL_NULL_CONVERSION = YES;
				CLANG_WARN_OBJC_IMPLICIT_RETAIN_SELF = YES;
				CLANG_WARN_OBJC_LITERAL_CONVERSION = YES;
				CLANG_WARN_OBJC_ROOT_CLASS = YES_ERROR;
				CLANG_WARN_RANGE_LOOP_ANALYSIS = YES;
				CLANG_WARN_STRICT_PROTOTYPES = YES;
				CLANG_WARN_SUSPICIOUS_MOVE = YES;
				CLANG_WARN_UNGUARDED_AVAILABILITY = YES_AGGRESSIVE;
				CLANG_WARN_UNREACHABLE_CODE = YES;
				CLANG_WARN__DUPLICATE_METHOD_MATCH = YES;
				COPY_PHASE_STRIP = NO;
				DEBUG_INFORMATION_FORMAT = "dwarf-with-dsym";
				ENABLE_NS_ASSERTIONS = NO;
				ENABLE_STRICT_OBJC_MSGSEND = YES;
				GCC_C_LANGUAGE_STANDARD = gnu11;
				GCC_NO_COMMON_BLOCKS = YES;
				GCC_WARN_64_TO_32_BIT_CONVERSION = YES;
				GCC_WARN_ABOUT_RETURN_TYPE = YES_ERROR;
				GCC_WARN_UNDECLARED_SELECTOR = YES;
				GCC_WARN_UNINITIALIZED_AUTOS = YES_AGGRESSIVE;
				GCC_WARN_UNUSED_FUNCTION = YES;
				GCC_WARN_UNUSED_VARIABLE = YES;
				IPHONEOS_DEPLOYMENT_TARGET = 13.4;
				MTL_ENABLE_DEBUG_INFO = NO;
				MTL_FAST_MATH = YES;
				SDKROOT = iphoneos;
				SWIFT_COMPILATION_MODE = wholemodule;
				SWIFT_OPTIMIZATION_LEVEL = "-O";
				VALIDATE_PRODUCT = YES;
			};
			name = Release;
		};
		6A92652424F4013A00DE9EAC /* Debug */ = {
			isa = XCBuildConfiguration;
			buildSettings = {
				ASSETCATALOG_COMPILER_APPICON_NAME = AppIcon;
				CODE_SIGN_STYLE = Automatic;
				DEVELOPMENT_TEAM = 3JF38H23W8;
				INFOPLIST_FILE = CombineLoginDemo/Info.plist;
				LD_RUNPATH_SEARCH_PATHS = (
					"$(inherited)",
					"@executable_path/Frameworks",
				);
				PRODUCT_BUNDLE_IDENTIFIER = com.ficow.CombineLoginDemo;
				PRODUCT_NAME = "$(TARGET_NAME)";
				SWIFT_VERSION = 5.0;
				TARGETED_DEVICE_FAMILY = "1,2";
			};
			name = Debug;
		};
		6A92652524F4013A00DE9EAC /* Release */ = {
			isa = XCBuildConfiguration;
			buildSettings = {
				ASSETCATALOG_COMPILER_APPICON_NAME = AppIcon;
				CODE_SIGN_STYLE = Automatic;
				DEVELOPMENT_TEAM = 3JF38H23W8;
				INFOPLIST_FILE = CombineLoginDemo/Info.plist;
				LD_RUNPATH_SEARCH_PATHS = (
					"$(inherited)",
					"@executable_path/Frameworks",
				);
				PRODUCT_BUNDLE_IDENTIFIER = com.ficow.CombineLoginDemo;
				PRODUCT_NAME = "$(TARGET_NAME)";
				SWIFT_VERSION = 5.0;
				TARGETED_DEVICE_FAMILY = "1,2";
			};
			name = Release;
		};
		6A92652724F4013A00DE9EAC /* Debug */ = {
			isa = XCBuildConfiguration;
			buildSettings = {
				ALWAYS_EMBED_SWIFT_STANDARD_LIBRARIES = YES;
				BUNDLE_LOADER = "$(TEST_HOST)";
				CODE_SIGN_STYLE = Automatic;
				DEVELOPMENT_TEAM = 3JF38H23W8;
				INFOPLIST_FILE = CombineLoginDemoTests/Info.plist;
				IPHONEOS_DEPLOYMENT_TARGET = 13.4;
				LD_RUNPATH_SEARCH_PATHS = (
					"$(inherited)",
					"@executable_path/Frameworks",
					"@loader_path/Frameworks",
				);
				PRODUCT_BUNDLE_IDENTIFIER = com.ficow.CombineLoginDemoTests;
				PRODUCT_NAME = "$(TARGET_NAME)";
				SWIFT_VERSION = 5.0;
				TARGETED_DEVICE_FAMILY = "1,2";
				TEST_HOST = "$(BUILT_PRODUCTS_DIR)/CombineLoginDemo.app/CombineLoginDemo";
			};
			name = Debug;
		};
		6A92652824F4013A00DE9EAC /* Release */ = {
			isa = XCBuildConfiguration;
			buildSettings = {
				ALWAYS_EMBED_SWIFT_STANDARD_LIBRARIES = YES;
				BUNDLE_LOADER = "$(TEST_HOST)";
				CODE_SIGN_STYLE = Automatic;
				DEVELOPMENT_TEAM = 3JF38H23W8;
				INFOPLIST_FILE = CombineLoginDemoTests/Info.plist;
				IPHONEOS_DEPLOYMENT_TARGET = 13.4;
				LD_RUNPATH_SEARCH_PATHS = (
					"$(inherited)",
					"@executable_path/Frameworks",
					"@loader_path/Frameworks",
				);
				PRODUCT_BUNDLE_IDENTIFIER = com.ficow.CombineLoginDemoTests;
				PRODUCT_NAME = "$(TARGET_NAME)";
				SWIFT_VERSION = 5.0;
				TARGETED_DEVICE_FAMILY = "1,2";
				TEST_HOST = "$(BUILT_PRODUCTS_DIR)/CombineLoginDemo.app/CombineLoginDemo";
			};
			name = Release;
		};
		6A92652A24F4013A00DE9EAC /* Debug */ = {
			isa = XCBuildConfiguration;
			buildSettings = {
				ALWAYS_EMBED_SWIFT_STANDARD_LIBRARIES = YES;
				CODE_SIGN_STYLE = Automatic;
				DEVELOPMENT_TEAM = 3JF38H23W8;
				INFOPLIST_FILE = CombineLoginDemoUITests/Info.plist;
				LD_RUNPATH_SEARCH_PATHS = (
					"$(inherited)",
					"@executable_path/Frameworks",
					"@loader_path/Frameworks",
				);
				PRODUCT_BUNDLE_IDENTIFIER = com.ficow.CombineLoginDemoUITests;
				PRODUCT_NAME = "$(TARGET_NAME)";
				SWIFT_VERSION = 5.0;
				TARGETED_DEVICE_FAMILY = "1,2";
				TEST_TARGET_NAME = CombineLoginDemo;
			};
			name = Debug;
		};
		6A92652B24F4013A00DE9EAC /* Release */ = {
			isa = XCBuildConfiguration;
			buildSettings = {
				ALWAYS_EMBED_SWIFT_STANDARD_LIBRARIES = YES;
				CODE_SIGN_STYLE = Automatic;
				DEVELOPMENT_TEAM = 3JF38H23W8;
				INFOPLIST_FILE = CombineLoginDemoUITests/Info.plist;
				LD_RUNPATH_SEARCH_PATHS = (
					"$(inherited)",
					"@executable_path/Frameworks",
					"@loader_path/Frameworks",
				);
				PRODUCT_BUNDLE_IDENTIFIER = com.ficow.CombineLoginDemoUITests;
				PRODUCT_NAME = "$(TARGET_NAME)";
				SWIFT_VERSION = 5.0;
				TARGETED_DEVICE_FAMILY = "1,2";
				TEST_TARGET_NAME = CombineLoginDemo;
			};
			name = Release;
		};
/* End XCBuildConfiguration section */

/* Begin XCConfigurationList section */
		6A9264F424F4013800DE9EAC /* Build configuration list for PBXProject "CombineLoginDemo" */ = {
			isa = XCConfigurationList;
			buildConfigurations = (
				6A92652124F4013A00DE9EAC /* Debug */,
				6A92652224F4013A00DE9EAC /* Release */,
			);
			defaultConfigurationIsVisible = 0;
			defaultConfigurationName = Release;
		};
		6A92652324F4013A00DE9EAC /* Build configuration list for PBXNativeTarget "CombineLoginDemo" */ = {
			isa = XCConfigurationList;
			buildConfigurations = (
				6A92652424F4013A00DE9EAC /* Debug */,
				6A92652524F4013A00DE9EAC /* Release */,
			);
			defaultConfigurationIsVisible = 0;
			defaultConfigurationName = Release;
		};
		6A92652624F4013A00DE9EAC /* Build configuration list for PBXNativeTarget "CombineLoginDemoTests" */ = {
			isa = XCConfigurationList;
			buildConfigurations = (
				6A92652724F4013A00DE9EAC /* Debug */,
				6A92652824F4013A00DE9EAC /* Release */,
			);
			defaultConfigurationIsVisible = 0;
			defaultConfigurationName = Release;
		};
		6A92652924F4013A00DE9EAC /* Build configuration list for PBXNativeTarget "CombineLoginDemoUITests" */ = {
			isa = XCConfigurationList;
			buildConfigurations = (
				6A92652A24F4013A00DE9EAC /* Debug */,
				6A92652B24F4013A00DE9EAC /* Release */,
			);
			defaultConfigurationIsVisible = 0;
			defaultConfigurationName = Release;
		};
/* End XCConfigurationList section */

/* Begin XCRemoteSwiftPackageReference section */
		6A27DA6B24F756A300F62CC5 /* XCRemoteSwiftPackageReference "CombineExt" */ = {
			isa = XCRemoteSwiftPackageReference;
			repositoryURL = "https://github.com/CombineCommunity/CombineExt";
			requirement = {
				kind = upToNextMajorVersion;
				minimumVersion = 1.2.0;
			};
		};
/* End XCRemoteSwiftPackageReference section */

/* Begin XCSwiftPackageProductDependency section */
		6A27DA6C24F756A300F62CC5 /* CombineExt */ = {
			isa = XCSwiftPackageProductDependency;
			package = 6A27DA6B24F756A300F62CC5 /* XCRemoteSwiftPackageReference "CombineExt" */;
			productName = CombineExt;
		};
/* End XCSwiftPackageProductDependency section */
	};
	rootObject = 6A9264F124F4013800DE9EAC /* Project object */;
}
